{
  "version": "5",
  "specifiers": {
    "jsr:@std/assert@1": "1.0.19",
    "jsr:@std/internal@^1.0.12": "1.0.14"
  },
  "jsr": {
    "@std/assert@1.0.19": {
      "integrity": "eaada96ee120cb980bc47e040f82814d786fe8162ecc53c91d8df60b8755991e",
      "dependencies": [
        "jsr:@std/internal"
      ]
    },
    "@std/internal@1.0.14": {
      "integrity": "291516b3d4c35024d6ffbc0a9df5bf4c64116e05b50012cf846710152d2ffdf7"
    }
  },
  "workspace": {
    "packageJson": {
      "dependencies": [
        "npm:prettier@^3.3.3"
      ]
    },
    "members": {
      "apps/web": {
        "packageJson": {
          "dependencies": [
            "npm:@supabase/supabase-js@^2.112.3",
            "npm:@testing-library/jest-dom@^7.0.1",
            "npm:@testing-library/react@^16.3.2",
            "npm:@types/node@^24.13.3",
            "npm:@types/react-dom@^19.2.3",
            "npm:@types/react@^19.2.17",
            "npm:@vitejs/plugin-react@^6.0.4",
            "npm:@vitest/ui@^4.1.11",
            "npm:jsdom@^30.0.1",
            "npm:oxlint@^1.75.0",
            "npm:react-dom@^19.2.8",
            "npm:react-router-dom@^7.18.2",
            "npm:react@^19.2.8",
            "npm:typescript@~6.0.2",
            "npm:vite-plugin-pwa@^1.3.0",
            "npm:vite@^8.2.0",
            "npm:vitest@^4.1.11"
          ]
        }
      }
    }
  }
}
